
Microsoft Visual Studio Solution File, Format Version 12.00
# Visual Studio 15
VisualStudioVersion = 15.0.27130.2026
MinimumVisualStudioVersion = 10.0.40219.1
Project("{FAE04EC0-301F-11D3-BF4B-00C04F79EFBC}") = "CSNet", "CSNet\CSNet.csproj", "{7C114C04-57C8-430D-A75E-5245533A5BEC}"
EndProject
Project("{FAE04EC0-301F-11D3-BF4B-00C04F79EFBC}") = "UnitTest", "UnitTest\UnitTest.csproj", "{5443EA8A-D670-43FD-8380-B78F1FF2634B}"
EndProject
Project("{FAE04EC0-301F-11D3-BF4B-00C04F79EFBC}") = "ClientDemo", "ClientDemo\ClientDemo.csproj", "{88E253B3-59B5-4C38-B59A-63406637BCDD}"
EndProject
Project("{FAE04EC0-301F-11D3-BF4B-00C04F79EFBC}") = "ServerDemo", "ServerDemo\ServerDemo.csproj", "{723CEDDF-9C1E-4A9E-830D-856F76A32509}"
EndProject
Global
	GlobalSection(SolutionConfigurationPlatforms) = preSolution
		Debug|Any CPU = Debug|Any CPU
		Release|Any CPU = Release|Any CPU
	EndGlobalSection
	GlobalSection(ProjectConfigurationPlatforms) = postSolution
		{7C114C04-57C8-430D-A75E-5245533A5BEC}.Debug|Any CPU.ActiveCfg = Debug|Any CPU
		{7C114C04-57C8-430D-A75E-5245533A5BEC}.Debug|Any CPU.Build.0 = Debug|Any CPU
		{7C114C04-57C8-430D-A75E-5245533A5BEC}.Release|Any CPU.ActiveCfg = Release|Any CPU
		{7C114C04-57C8-430D-A75E-5245533A5BEC}.Release|Any CPU.Build.0 = Release|Any CPU
		{5443EA8A-D670-43FD-8380-B78F1FF2634B}.Debug|Any CPU.ActiveCfg = Debug|Any CPU
		{5443EA8A-D670-43FD-8380-B78F1FF2634B}.Debug|Any CPU.Build.0 = Debug|Any CPU
		{5443EA8A-D670-43FD-8380-B78F1FF2634B}.Release|Any CPU.ActiveCfg = Release|Any CPU
		{5443EA8A-D670-43FD-8380-B78F1FF2634B}.Release|Any CPU.Build.0 = Release|Any CPU
		{88E253B3-59B5-4C38-B59A-63406637BCDD}.Debug|Any CPU.ActiveCfg = Debug|Any CPU
		{88E253B3-59B5-4C38-B59A-63406637BCDD}.Debug|Any CPU.Build.0 = Debug|Any CPU
		{88E253B3-59B5-4C38-B59A-63406637BCDD}.Release|Any CPU.ActiveCfg = Release|Any CPU
		{88E253B3-59B5-4C38-B59A-63406637BCDD}.Release|Any CPU.Build.0 = Release|Any CPU
		{723CEDDF-9C1E-4A9E-830D-856F76A32509}.Debug|Any CPU.ActiveCfg = Debug|Any CPU
		{723CEDDF-9C1E-4A9E-830D-856F76A32509}.Debug|Any CPU.Build.0 = Debug|Any CPU
		{723CEDDF-9C1E-4A9E-830D-856F76A32509}.Release|Any CPU.ActiveCfg = Release|Any CPU
		{723CEDDF-9C1E-4A9E-830D-856F76A32509}.Release|Any CPU.Build.0 = Release|Any CPU
	EndGlobalSection
	GlobalSection(SolutionProperties) = preSolution
		HideSolutionNode = FALSE
	EndGlobalSection
	GlobalSection(ExtensibilityGlobals) = postSolution
		SolutionGuid = {C55D14EC-015F-49B2-8F18-14B8ED42ED8C}
	EndGlobalSection
EndGlobal
